
Microsoft Visual Studio Solution File, Format Version 12.00
# Visual Studio Version 17
VisualStudioVersion = 17.4.33110.190
MinimumVisualStudioVersion = 10.0.40219.1
Project("{9A19103F-16F7-4668-BE54-9A1E7A4F7556}") = "3ITAsk2_Piskvorky", "3ITAsk1_Piskvorky\3ITAsk2_Piskvorky.csproj", "{19228303-B3BA-4415-A82F-7D17F2FA8744}"
EndProject
Global
	GlobalSection(SolutionConfigurationPlatforms) = preSolution
		Debug|Any CPU = Debug|Any CPU
		Release|Any CPU = Release|Any CPU
	EndGlobalSection
	GlobalSection(ProjectConfigurationPlatforms) = postSolution
		{19228303-B3BA-4415-A82F-7D17F2FA8744}.Debug|Any CPU.ActiveCfg = Debug|Any CPU
		{19228303-B3BA-4415-A82F-7D17F2FA8744}.Debug|Any CPU.Build.0 = Debug|Any CPU
		{19228303-B3BA-4415-A82F-7D17F2FA8744}.Release|Any CPU.ActiveCfg = Release|Any CPU
		{19228303-B3BA-4415-A82F-7D17F2FA8744}.Release|Any CPU.Build.0 = Release|Any CPU
	EndGlobalSection
	GlobalSection(SolutionProperties) = preSolution
		HideSolutionNode = FALSE
	EndGlobalSection
	GlobalSection(ExtensibilityGlobals) = postSolution
		SolutionGuid = {CD59EFF7-381F-430F-BA84-408F94A748FB}
	EndGlobalSection
EndGlobal
