
Microsoft Visual Studio Solution File, Format Version 12.00
# Visual Studio Version 17
VisualStudioVersion = 17.4.33110.190
MinimumVisualStudioVersion = 10.0.40219.1
Project("{FAE04EC0-301F-11D3-BF4B-00C04F79EFBC}") = "3ITAsk2Priserky2", "3ITAsk2Priserky2\3ITAsk2Priserky2.csproj", "{66876720-6D87-4BB0-AA13-DFA90F7AAAD9}"
EndProject
Global
	GlobalSection(SolutionConfigurationPlatforms) = preSolution
		Debug|Any CPU = Debug|Any CPU
		Release|Any CPU = Release|Any CPU
	EndGlobalSection
	GlobalSection(ProjectConfigurationPlatforms) = postSolution
		{66876720-6D87-4BB0-AA13-DFA90F7AAAD9}.Debug|Any CPU.ActiveCfg = Debug|Any CPU
		{66876720-6D87-4BB0-AA13-DFA90F7AAAD9}.Debug|Any CPU.Build.0 = Debug|Any CPU
		{66876720-6D87-4BB0-AA13-DFA90F7AAAD9}.Release|Any CPU.ActiveCfg = Release|Any CPU
		{66876720-6D87-4BB0-AA13-DFA90F7AAAD9}.Release|Any CPU.Build.0 = Release|Any CPU
	EndGlobalSection
	GlobalSection(SolutionProperties) = preSolution
		HideSolutionNode = FALSE
	EndGlobalSection
	GlobalSection(ExtensibilityGlobals) = postSolution
		SolutionGuid = {839345C6-D86B-4CDA-87D9-4342A7C01818}
	EndGlobalSection
EndGlobal
