
Microsoft Visual Studio Solution File, Format Version 12.00
# Visual Studio Version 17
VisualStudioVersion = 17.3.32825.248
MinimumVisualStudioVersion = 10.0.40219.1
Project("{FAE04EC0-301F-11D3-BF4B-00C04F79EFBC}") = "3ITAsk2FridayFunky", "3ITAsk2FridayFunky\3ITAsk2FridayFunky.csproj", "{288A4D02-90A9-447F-94CC-05006A4AA15D}"
EndProject
Global
	GlobalSection(SolutionConfigurationPlatforms) = preSolution
		Debug|Any CPU = Debug|Any CPU
		Release|Any CPU = Release|Any CPU
	EndGlobalSection
	GlobalSection(ProjectConfigurationPlatforms) = postSolution
		{288A4D02-90A9-447F-94CC-05006A4AA15D}.Debug|Any CPU.ActiveCfg = Debug|Any CPU
		{288A4D02-90A9-447F-94CC-05006A4AA15D}.Debug|Any CPU.Build.0 = Debug|Any CPU
		{288A4D02-90A9-447F-94CC-05006A4AA15D}.Release|Any CPU.ActiveCfg = Release|Any CPU
		{288A4D02-90A9-447F-94CC-05006A4AA15D}.Release|Any CPU.Build.0 = Release|Any CPU
	EndGlobalSection
	GlobalSection(SolutionProperties) = preSolution
		HideSolutionNode = FALSE
	EndGlobalSection
	GlobalSection(ExtensibilityGlobals) = postSolution
		SolutionGuid = {E5C86F10-C4E0-4A80-BC2B-CE7F10712F92}
	EndGlobalSection
EndGlobal
