
Microsoft Visual Studio Solution File, Format Version 12.00
# Visual Studio Version 17
VisualStudioVersion = 17.4.33110.190
MinimumVisualStudioVersion = 10.0.40219.1
Project("{FAE04EC0-301F-11D3-BF4B-00C04F79EFBC}") = "3ITAsk2Ctverecky", "3ITAsk2Ctverecky\3ITAsk2Ctverecky.csproj", "{DF88DDAF-6D97-4490-9BDA-D105D5DDA083}"
EndProject
Global
	GlobalSection(SolutionConfigurationPlatforms) = preSolution
		Debug|Any CPU = Debug|Any CPU
		Release|Any CPU = Release|Any CPU
	EndGlobalSection
	GlobalSection(ProjectConfigurationPlatforms) = postSolution
		{DF88DDAF-6D97-4490-9BDA-D105D5DDA083}.Debug|Any CPU.ActiveCfg = Debug|Any CPU
		{DF88DDAF-6D97-4490-9BDA-D105D5DDA083}.Debug|Any CPU.Build.0 = Debug|Any CPU
		{DF88DDAF-6D97-4490-9BDA-D105D5DDA083}.Release|Any CPU.ActiveCfg = Release|Any CPU
		{DF88DDAF-6D97-4490-9BDA-D105D5DDA083}.Release|Any CPU.Build.0 = Release|Any CPU
	EndGlobalSection
	GlobalSection(SolutionProperties) = preSolution
		HideSolutionNode = FALSE
	EndGlobalSection
	GlobalSection(ExtensibilityGlobals) = postSolution
		SolutionGuid = {4E6811D2-69DC-45D4-872B-E2604DEBAFE4}
	EndGlobalSection
EndGlobal
